
Microsoft Visual Studio Solution File, Format Version 12.00
# Visual Studio Version 17
VisualStudioVersion = 17.8.34322.80
MinimumVisualStudioVersion = 10.0.40219.1
Project("{FAE04EC0-301F-11D3-BF4B-00C04F79EFBC}") = "Questão 3", "Questão 3\Questão 3.csproj", "{8B7D98AE-550D-48EF-8F6A-0C99D310608C}"
EndProject
Global
	GlobalSection(SolutionConfigurationPlatforms) = preSolution
		Debug|Any CPU = Debug|Any CPU
		Release|Any CPU = Release|Any CPU
	EndGlobalSection
	GlobalSection(ProjectConfigurationPlatforms) = postSolution
		{8B7D98AE-550D-48EF-8F6A-0C99D310608C}.Debug|Any CPU.ActiveCfg = Debug|Any CPU
		{8B7D98AE-550D-48EF-8F6A-0C99D310608C}.Debug|Any CPU.Build.0 = Debug|Any CPU
		{8B7D98AE-550D-48EF-8F6A-0C99D310608C}.Release|Any CPU.ActiveCfg = Release|Any CPU
		{8B7D98AE-550D-48EF-8F6A-0C99D310608C}.Release|Any CPU.Build.0 = Release|Any CPU
	EndGlobalSection
	GlobalSection(SolutionProperties) = preSolution
		HideSolutionNode = FALSE
	EndGlobalSection
	GlobalSection(ExtensibilityGlobals) = postSolution
		SolutionGuid = {BCACA9CA-7C56-46D0-B68A-B1C713168A02}
	EndGlobalSection
EndGlobal
